
Microsoft Visual Studio Solution File, Format Version 12.00
# Visual Studio Version 16
VisualStudioVersion = 16.0.31402.337
MinimumVisualStudioVersion = 10.0.40219.1
Project("{FAE04EC0-301F-11D3-BF4B-00C04F79EFBC}") = "mbtl_cachedump", "mbtl_cachedump\mbtl_cachedump.csproj", "{C34691D3-BE9B-4D6A-B012-8B0AAE7A5AB2}"
EndProject
Global
	GlobalSection(SolutionConfigurationPlatforms) = preSolution
		Debug|Any CPU = Debug|Any CPU
		Release|Any CPU = Release|Any CPU
	EndGlobalSection
	GlobalSection(ProjectConfigurationPlatforms) = postSolution
		{C34691D3-BE9B-4D6A-B012-8B0AAE7A5AB2}.Debug|Any CPU.ActiveCfg = Debug|Any CPU
		{C34691D3-BE9B-4D6A-B012-8B0AAE7A5AB2}.Debug|Any CPU.Build.0 = Debug|Any CPU
		{C34691D3-BE9B-4D6A-B012-8B0AAE7A5AB2}.Release|Any CPU.ActiveCfg = Release|Any CPU
		{C34691D3-BE9B-4D6A-B012-8B0AAE7A5AB2}.Release|Any CPU.Build.0 = Release|Any CPU
	EndGlobalSection
	GlobalSection(SolutionProperties) = preSolution
		HideSolutionNode = FALSE
	EndGlobalSection
	GlobalSection(ExtensibilityGlobals) = postSolution
		SolutionGuid = {F00B1B55-525C-448B-800A-C00109E98FA9}
	EndGlobalSection
EndGlobal
